// !$*UTF8*$!
{
	archiveVersion = 1;
	classes = {
	};
	objectVersion = 63;
	objects = {

/* Begin PBXBuildFile section */
		03CFDC8BE87F04BB487EF5BE /* Alamofire in Frameworks */ = {isa = PBXBuildFile; productRef = F48030AF56D459CD93ED70C2 /* Alamofire */; };
		0D4BE10ECF392CBBED335387 /* Assets.xcassets in Resources */ = {isa = PBXBuildFile; fileRef = C23BA7BA6392D99DFCEDA2C0 /* Assets.xcassets */; };
		1EEFE1C986D9B42566C94F99 /* MyLibrary in Frameworks */ = {isa = PBXBuildFile; productRef = 974E5F193736F2DCC4D7D69F /* MyLibrary */; };
		2CB006156E6BC28E287925DA /* GithubActionsTestApp.swift in Sources */ = {isa = PBXBuildFile; fileRef = B6E155708543666B205972B4 /* GithubActionsTestApp.swift */; };
		C5AEEFA780042E947858EA58 /* ContentView.swift in Sources */ = {isa = PBXBuildFile; fileRef = 47FDBE0704370DC986EA3D7D /* ContentView.swift */; };
/* End PBXBuildFile section */

/* Begin PBXFileReference section */
		47FDBE0704370DC986EA3D7D /* ContentView.swift */ = {isa = PBXFileReference; lastKnownFileType = sourcecode.swift; path = ContentView.swift; sourceTree = "<group>"; };
		535016F8AD0BEAC6E99C3964 /* GithubActionsApp.app */ = {isa = PBXFileReference; includeInIndex = 0; lastKnownFileType = wrapper.application; path = GithubActionsApp.app; sourceTree = BUILT_PRODUCTS_DIR; };
		ACA372B9DCD76A7C0814269F /* Info.plist */ = {isa = PBXFileReference; lastKnownFileType = text.plist; path = Info.plist; sourceTree = "<group>"; };
		B6E155708543666B205972B4 /* GithubActionsTestApp.swift */ = {isa = PBXFileReference; lastKnownFileType = sourcecode.swift; path = GithubActionsTestApp.swift; sourceTree = "<group>"; };
		B9B4BA8A3FD4FA28E86BEC8A /* MyLibrary */ = {isa = PBXFileReference; lastKnownFileType = folder; path = MyLibrary; sourceTree = SOURCE_ROOT; };
		C23BA7BA6392D99DFCEDA2C0 /* Assets.xcassets */ = {isa = PBXFileReference; lastKnownFileType = folder.assetcatalog; path = Assets.xcassets; sourceTree = "<group>"; };
/* End PBXFileReference section */

/* Begin PBXFrameworksBuildPhase section */
		948C36FC5C9F6055637675A5 /* Frameworks */ = {
			isa = PBXFrameworksBuildPhase;
			buildActionMask = 2147483647;
			files = (
				1EEFE1C986D9B42566C94F99 /* MyLibrary in Frameworks */,
				03CFDC8BE87F04BB487EF5BE /* Alamofire in Frameworks */,
			);
			runOnlyForDeploymentPostprocessing = 0;
		};
/* End PBXFrameworksBuildPhase section */

/* Begin PBXGroup section */
		38D5B0F2B7A95D383C6E9D87 /* Packages */ = {
			isa = PBXGroup;
			children = (
				B9B4BA8A3FD4FA28E86BEC8A /* MyLibrary */,
			);
			name = Packages;
			sourceTree = "<group>";
		};
		80A8596EADFC8B7023CB146A = {
			isa = PBXGroup;
			children = (
				8EAC3BA0C2E3FCCCC6DBAA3A /* GithubActionsApp */,
				38D5B0F2B7A95D383C6E9D87 /* Packages */,
				F78AD39981165B2BB8C8A506 /* Products */,
			);
			sourceTree = "<group>";
		};
		8EAC3BA0C2E3FCCCC6DBAA3A /* GithubActionsApp */ = {
			isa = PBXGroup;
			children = (
				C23BA7BA6392D99DFCEDA2C0 /* Assets.xcassets */,
				47FDBE0704370DC986EA3D7D /* ContentView.swift */,
				B6E155708543666B205972B4 /* GithubActionsTestApp.swift */,
				ACA372B9DCD76A7C0814269F /* Info.plist */,
			);
			path = GithubActionsApp;
			sourceTree = "<group>";
		};
		F78AD39981165B2BB8C8A506 /* Products */ = {
			isa = PBXGroup;
			children = (
				535016F8AD0BEAC6E99C3964 /* GithubActionsApp.app */,
			);
			name = Products;
			sourceTree = "<group>";
		};
/* End PBXGroup section */

/* Begin PBXNativeTarget section */
		75A70F45AEF50081E20A5845 /* GithubActionsApp */ = {
			isa = PBXNativeTarget;
			buildConfigurationList = 760FA20C210571ECEE2A8854 /* Build configuration list for PBXNativeTarget "GithubActionsApp" */;
			buildPhases = (
				0AD42B00FD411410177F6491 /* Sources */,
				D0974F84CEF0A4FD389B1901 /* Resources */,
				948C36FC5C9F6055637675A5 /* Frameworks */,
			);
			buildRules = (
			);
			dependencies = (
			);
			name = GithubActionsApp;
			packageProductDependencies = (
				974E5F193736F2DCC4D7D69F /* MyLibrary */,
				F48030AF56D459CD93ED70C2 /* Alamofire */,
			);
			productName = GithubActionsApp;
			productReference = 535016F8AD0BEAC6E99C3964 /* GithubActionsApp.app */;
			productType = "com.apple.product-type.application";
		};
/* End PBXNativeTarget section */

/* Begin PBXProject section */
		18638742677251DDC47E72A2 /* Project object */ = {
			isa = PBXProject;
			attributes = {
				BuildIndependentTargetsInParallel = YES;
				LastUpgradeCheck = 1430;
			};
			buildConfigurationList = 9CD308738945E43BE0F7ADAA /* Build configuration list for PBXProject "GithubActionsApp" */;
			compatibilityVersion = "Xcode 14.0";
			developmentRegion = en;
			hasScannedForEncodings = 0;
			knownRegions = (
				Base,
				en,
			);
			mainGroup = 80A8596EADFC8B7023CB146A;
			minimizedProjectReferenceProxies = 1;
			packageReferences = (
				5254145BC553A037146C6AC7 /* XCRemoteSwiftPackageReference "Alamofire" */,
				11D9C5896F9D7A2F49861B11 /* XCLocalSwiftPackageReference "MyLibrary" */,
			);
			projectDirPath = "";
			projectRoot = "";
			targets = (
				75A70F45AEF50081E20A5845 /* GithubActionsApp */,
			);
		};
/* End PBXProject section */

/* Begin PBXResourcesBuildPhase section */
		D0974F84CEF0A4FD389B1901 /* Resources */ = {
			isa = PBXResourcesBuildPhase;
			buildActionMask = 2147483647;
			files = (
				0D4BE10ECF392CBBED335387 /* Assets.xcassets in Resources */,
			);
			runOnlyForDeploymentPostprocessing = 0;
		};
/* End PBXResourcesBuildPhase section */

/* Begin PBXSourcesBuildPhase section */
		0AD42B00FD411410177F6491 /* Sources */ = {
			isa = PBXSourcesBuildPhase;
			buildActionMask = 2147483647;
			files = (
				C5AEEFA780042E947858EA58 /* ContentView.swift in Sources */,
				2CB006156E6BC28E287925DA /* GithubActionsTestApp.swift in Sources */,
			);
			runOnlyForDeploymentPostprocessing = 0;
		};
/* End PBXSourcesBuildPhase section */

/* Begin XCBuildConfiguration section */
		047B19D35A5D8C004992B567 /* Release */ = {
			isa = XCBuildConfiguration;
			buildSettings = {
				ASSETCATALOG_COMPILER_APPICON_NAME = AppIcon;
				CODE_SIGN_IDENTITY = "iPhone Developer";
				INFOPLIST_FILE = GithubActionsApp/Info.plist;
				LD_RUNPATH_SEARCH_PATHS = (
					"$(inherited)",
					"@executable_path/Frameworks",
				);
				PRODUCT_BUNDLE_IDENTIFIER = com.nakashima.GithubActionsApp;
				SDKROOT = iphoneos;
				TARGETED_DEVICE_FAMILY = "1,2";
			};
			name = Release;
		};
		53188D72F19713E32D83E909 /* Debug */ = {
			isa = XCBuildConfiguration;
			buildSettings = {
				ASSETCATALOG_COMPILER_APPICON_NAME = AppIcon;
				CODE_SIGN_IDENTITY = "iPhone Developer";
				INFOPLIST_FILE = GithubActionsApp/Info.plist;
				LD_RUNPATH_SEARCH_PATHS = (
					"$(inherited)",
					"@executable_path/Frameworks",
				);
				PRODUCT_BUNDLE_IDENTIFIER = com.nakashima.GithubActionsApp;
				SDKROOT = iphoneos;
				TARGETED_DEVICE_FAMILY = "1,2";
			};
			name = Debug;
		};
		63D6B158E830DBE60CE9748B /* Debug */ = {
			isa = XCBuildConfiguration;
			buildSettings = {
				ALWAYS_SEARCH_USER_PATHS = NO;
				CLANG_ANALYZER_NONNULL = YES;
				CLANG_ANALYZER_NUMBER_OBJECT_CONVERSION = YES_AGGRESSIVE;
				CLANG_CXX_LANGUAGE_STANDARD = "gnu++14";
				CLANG_CXX_LIBRARY = "libc++";
				CLANG_ENABLE_MODULES = YES;
				CLANG_ENABLE_OBJC_ARC = YES;
				CLANG_ENABLE_OBJC_WEAK = YES;
				CLANG_WARN_BLOCK_CAPTURE_AUTORELEASING = YES;
				CLANG_WARN_BOOL_CONVERSION = YES;
				CLANG_WARN_COMMA = YES;
				CLANG_WARN_CONSTANT_CONVERSION = YES;
				CLANG_WARN_DEPRECATED_OBJC_IMPLEMENTATIONS = YES;
				CLANG_WARN_DIRECT_OBJC_ISA_USAGE = YES_ERROR;
				CLANG_WARN_DOCUMENTATION_COMMENTS = YES;
				CLANG_WARN_EMPTY_BODY = YES;
				CLANG_WARN_ENUM_CONVERSION = YES;
				CLANG_WARN_INFINITE_RECURSION = YES;
				CLANG_WARN_INT_CONVERSION = YES;
				CLANG_WARN_NON_LITERAL_NULL_CONVERSION = YES;
				CLANG_WARN_OBJC_IMPLICIT_RETAIN_SELF = YES;
				CLANG_WARN_OBJC_LITERAL_CONVERSION = YES;
				CLANG_WARN_OBJC_ROOT_CLASS = YES_ERROR;
				CLANG_WARN_QUOTED_INCLUDE_IN_FRAMEWORK_HEADER = YES;
				CLANG_WARN_RANGE_LOOP_ANALYSIS = YES;
				CLANG_WARN_STRICT_PROTOTYPES = YES;
				CLANG_WARN_SUSPICIOUS_MOVE = YES;
				CLANG_WARN_UNGUARDED_AVAILABILITY = YES_AGGRESSIVE;
				CLANG_WARN_UNREACHABLE_CODE = YES;
				CLANG_WARN__DUPLICATE_METHOD_MATCH = YES;
				COPY_PHASE_STRIP = NO;
				DEBUG_INFORMATION_FORMAT = dwarf;
				ENABLE_STRICT_OBJC_MSGSEND = YES;
				ENABLE_TESTABILITY = YES;
				GCC_C_LANGUAGE_STANDARD = gnu11;
				GCC_DYNAMIC_NO_PIC = NO;
				GCC_NO_COMMON_BLOCKS = YES;
				GCC_OPTIMIZATION_LEVEL = 0;
				GCC_PREPROCESSOR_DEFINITIONS = (
					"$(inherited)",
					"DEBUG=1",
				);
				GCC_WARN_64_TO_32_BIT_CONVERSION = YES;
				GCC_WARN_ABOUT_RETURN_TYPE = YES_ERROR;
				GCC_WARN_UNDECLARED_SELECTOR = YES;
				GCC_WARN_UNINITIALIZED_AUTOS = YES_AGGRESSIVE;
				GCC_WARN_UNUSED_FUNCTION = YES;
				GCC_WARN_UNUSED_VARIABLE = YES;
				MTL_ENABLE_DEBUG_INFO = INCLUDE_SOURCE;
				MTL_FAST_MATH = YES;
				ONLY_ACTIVE_ARCH = YES;
				PRODUCT_NAME = "$(TARGET_NAME)";
				SDKROOT = iphoneos;
				SWIFT_ACTIVE_COMPILATION_CONDITIONS = DEBUG;
				SWIFT_OPTIMIZATION_LEVEL = "-Onone";
				SWIFT_VERSION = 5.0;
			};
			name = Debug;
		};
		7290EF8E7DB9836CC857701F /* Release */ = {
			isa = XCBuildConfiguration;
			buildSettings = {
				ALWAYS_SEARCH_USER_PATHS = NO;
				CLANG_ANALYZER_NONNULL = YES;
				CLANG_ANALYZER_NUMBER_OBJECT_CONVERSION = YES_AGGRESSIVE;
				CLANG_CXX_LANGUAGE_STANDARD = "gnu++14";
				CLANG_CXX_LIBRARY = "libc++";
				CLANG_ENABLE_MODULES = YES;
				CLANG_ENABLE_OBJC_ARC = YES;
				CLANG_ENABLE_OBJC_WEAK = YES;
				CLANG_WARN_BLOCK_CAPTURE_AUTORELEASING = YES;
				CLANG_WARN_BOOL_CONVERSION = YES;
				CLANG_WARN_COMMA = YES;
				CLANG_WARN_CONSTANT_CONVERSION = YES;
				CLANG_WARN_DEPRECATED_OBJC_IMPLEMENTATIONS = YES;
				CLANG_WARN_DIRECT_OBJC_ISA_USAGE = YES_ERROR;
				CLANG_WARN_DOCUMENTATION_COMMENTS = YES;
				CLANG_WARN_EMPTY_BODY = YES;
				CLANG_WARN_ENUM_CONVERSION = YES;
				CLANG_WARN_INFINITE_RECURSION = YES;
				CLANG_WARN_INT_CONVERSION = YES;
				CLANG_WARN_NON_LITERAL_NULL_CONVERSION = YES;
				CLANG_WARN_OBJC_IMPLICIT_RETAIN_SELF = YES;
				CLANG_WARN_OBJC_LITERAL_CONVERSION = YES;
				CLANG_WARN_OBJC_ROOT_CLASS = YES_ERROR;
				CLANG_WARN_QUOTED_INCLUDE_IN_FRAMEWORK_HEADER = YES;
				CLANG_WARN_RANGE_LOOP_ANALYSIS = YES;
				CLANG_WARN_STRICT_PROTOTYPES = YES;
				CLANG_WARN_SUSPICIOUS_MOVE = YES;
				CLANG_WARN_UNGUARDED_AVAILABILITY = YES_AGGRESSIVE;
				CLANG_WARN_UNREACHABLE_CODE = YES;
				CLANG_WARN__DUPLICATE_METHOD_MATCH = YES;
				COPY_PHASE_STRIP = NO;
				DEBUG_INFORMATION_FORMAT = "dwarf-with-dsym";
				ENABLE_NS_ASSERTIONS = NO;
				ENABLE_STRICT_OBJC_MSGSEND = YES;
				GCC_C_LANGUAGE_STANDARD = gnu11;
				GCC_NO_COMMON_BLOCKS = YES;
				GCC_WARN_64_TO_32_BIT_CONVERSION = YES;
				GCC_WARN_ABOUT_RETURN_TYPE = YES_ERROR;
				GCC_WARN_UNDECLARED_SELECTOR = YES;
				GCC_WARN_UNINITIALIZED_AUTOS = YES_AGGRESSIVE;
				GCC_WARN_UNUSED_FUNCTION = YES;
				GCC_WARN_UNUSED_VARIABLE = YES;
				MTL_ENABLE_DEBUG_INFO = NO;
				MTL_FAST_MATH = YES;
				PRODUCT_NAME = "$(TARGET_NAME)";
				SDKROOT = iphoneos;
				SWIFT_COMPILATION_MODE = wholemodule;
				SWIFT_OPTIMIZATION_LEVEL = "-O";
				SWIFT_VERSION = 5.0;
			};
			name = Release;
		};
/* End XCBuildConfiguration section */

/* Begin XCConfigurationList section */
		760FA20C210571ECEE2A8854 /* Build configuration list for PBXNativeTarget "GithubActionsApp" */ = {
			isa = XCConfigurationList;
			buildConfigurations = (
				53188D72F19713E32D83E909 /* Debug */,
				047B19D35A5D8C004992B567 /* Release */,
			);
			defaultConfigurationIsVisible = 0;
			defaultConfigurationName = Debug;
		};
		9CD308738945E43BE0F7ADAA /* Build configuration list for PBXProject "GithubActionsApp" */ = {
			isa = XCConfigurationList;
			buildConfigurations = (
				63D6B158E830DBE60CE9748B /* Debug */,
				7290EF8E7DB9836CC857701F /* Release */,
			);
			defaultConfigurationIsVisible = 0;
			defaultConfigurationName = Debug;
		};
/* End XCConfigurationList section */

/* Begin XCLocalSwiftPackageReference section */
		11D9C5896F9D7A2F49861B11 /* XCLocalSwiftPackageReference "MyLibrary" */ = {
			isa = XCLocalSwiftPackageReference;
			relativePath = MyLibrary;
		};
/* End XCLocalSwiftPackageReference section */

/* Begin XCRemoteSwiftPackageReference section */
		5254145BC553A037146C6AC7 /* XCRemoteSwiftPackageReference "Alamofire" */ = {
			isa = XCRemoteSwiftPackageReference;
			repositoryURL = "https://github.com/Alamofire/Alamofire.git";
			requirement = {
				kind = upToNextMajorVersion;
				minimumVersion = 5.10.2;
			};
		};
/* End XCRemoteSwiftPackageReference section */

/* Begin XCSwiftPackageProductDependency section */
		974E5F193736F2DCC4D7D69F /* MyLibrary */ = {
			isa = XCSwiftPackageProductDependency;
			productName = MyLibrary;
		};
		F48030AF56D459CD93ED70C2 /* Alamofire */ = {
			isa = XCSwiftPackageProductDependency;
			package = 5254145BC553A037146C6AC7 /* XCRemoteSwiftPackageReference "Alamofire" */;
			productName = Alamofire;
		};
/* End XCSwiftPackageProductDependency section */
	};
	rootObject = 18638742677251DDC47E72A2 /* Project object */;
}
